# This file is autogenerated, do not edit; changes may be undone by the next 'dep ensure'.


[[projects]]
  digest = "1:29c5e0b5357d9855d3a22b5dd2bacdea0cd5674c1aaae9c329cfb14fed0250b8"
  name = "github.com/confluentinc/confluent-kafka-go"
  packages = ["kafka/librdkafka"]
  pruneopts = "UT"
  revision = "bb5bb31194f8046f3c9f09fbf0a3aae460a02000"
  version = "v1.4.2"

[[projects]]
  digest = "1:ecd9aa82687cf31d1585d4ac61d0ba180e42e8a6182b85bd785fcca8dfeefc1b"
  name = "github.com/joho/godotenv"
  packages = ["."]
  pruneopts = "UT"
  revision = "23d116af351c84513e1946b527c88823e476be13"
  version = "v1.3.0"

[[projects]]
  digest = "1:18812cf52c2e73491bf74d2a85e51bd1ce371327b9a0e49762c80c505dfe591d"
  name = "gopkg.in/confluentinc/confluent-kafka-go.v1"
  packages = ["kafka"]
  pruneopts = "UT"
  revision = "bb5bb31194f8046f3c9f09fbf0a3aae460a02000"
  version = "v1.4.2"

[solve-meta]
  analyzer-name = "dep"
  analyzer-version = 1
  input-imports = [
    "github.com/joho/godotenv",
    "gopkg.in/confluentinc/confluent-kafka-go.v1/kafka",
  ]
  solver-name = "gps-cdcl"
  solver-version = 1
